PODS:
  - AnyCodable-FlightSchool (0.6.7)
  - intdash (2.3.0):
    - AnyCodable-FlightSchool (~> 0.6.1)
  - iSCP (0.11.0):
    - SwiftProtobuf (~> 1.0)
  - SwiftProtobuf (1.24.0)

DEPENDENCIES:
  - intdash (from `../../intdash/`)
  - iSCP (= 0.11.0)
  - SwiftProtobuf (~> 1.0)

SPEC REPOS:
  trunk:
    - AnyCodable-FlightSchool
    - iSCP
    - SwiftProtobuf

EXTERNAL SOURCES:
  intdash:
    :path: "../../intdash/"

SPEC CHECKSUMS:
  AnyCodable-FlightSchool: 261cbe76757802b17d471b9059b21e6fa5edf57b
  intdash: 444e6724ae89840de88a70aabe0a4ec6950447b0
  iSCP: d953c8d2a21e003116b185ab138f22611edd181d
  SwiftProtobuf: bcfd2bc231cf9ae552cdc7c4e877bd3b41fe57b1

PODFILE CHECKSUM: 78294fa60145cce145d3d0412475f3a9ced4ae44

COCOAPODS: 1.14.2
